github.com/disintegration/imaging v1.6.0 h1:nVPXRUUQ36Z7MNf0O77UzgnOb1mkMMor7lmJMJXc/mA=
github.com/disintegration/imaging v1.6.0/go.mod h1:xuIt+sRxDFrHS0drzXUlCJthkJ8k7lkkUojDSR247MQ=
github.com/gdamore/encoding v1.0.0 h1:+7OoQ1Bc6eTm5niUzBa0Ctsh6JbMW6Ra+YNuAtDBdko=
github.com/gdamore/encoding v1.0.0/go.mod h1:alR0ol34c49FCSBLjhosxzcPHQbf2trDkoo5dl+VrEg=
github.com/kyokomi/emoji v2.1.0+incompatible h1:+DYU2RgpI6OHG4oQkM5KlqD3Wd3UPEsX8jamTo1Mp6o=
github.com/kyokomi/emoji v2.1.0+incompatible/go.mod h1:mZ6aGCD7yk8j6QY6KICwnZ2pxoszVseX1DNoGtU2tBA=
github.com/lithammer/fuzzysearch v1.0.2 h1:AjCE2iwc5y+8K+h2nXVc0Pmrpjvu+JVqMgiZ0oakXDM=
github.com/lithammer/fuzzysearch v1.0.2/go.mod h1:bvAJyokfCQ7Vknrd4Kgc+izmMrPj5CiBAu2t6rK1Kak=
github.com/lucasb-eyer/go-colorful v0.0.0-20181028223441-12d3b2882a08/go.mod h1:NXg0ArsFk0Y01623LgUqoqcouGDB+PwCCQlrwrG6xJ4=
github.com/lucasb-eyer/go-colorful v1.0.1 h1:nKJRBvZWPzvkwB4sY8A3U4zgqLf2Y9c02yzPsbXu/5c=
github.com/lucasb-eyer/go-colorful v1.0.1/go.mod h1:tLy1nWSoU0DGtxQyNRrUmb6PUiB7usbds6gd97XTXwA=
github.com/mattn/go-runewidth v0.0.4 h1:2BvfKmzob6Bmd4YsL0zygOqfdFnK7GR4QL06Do4/p7Y=
github.com/mattn/go-runewidth v0.0.4/go.mod h1:LwmH8dsx7+W8Uxz3IHJYH5QSwggIsqBzpuz5H//U1FU=
github.com/rivo/uniseg v0.0.0-20190313204849-f699dde9c340 h1:nOZbL5f2xmBAHWYrrHbHV1xatzZirN++oOQ3g83Ypgs=
github.com/rivo/uniseg v0.0.0-20190313204849-f699dde9c340/go.mod h1:SOLvOL4ybwgLJ6TYoX/rtaJ8EGOulH4XU7E9/TLrTCE=
github.com/russross/blackfriday/v2 v2.0.1 h1:lPqVAte+HuHNfhJ/0LC98ESWRz8afy9tM/0RK8m9o+Q=
github.com/russross/blackfriday/v2 v2.0.1/go.mod h1:+Rmxgy9KzJVeS9/2gXHxylqXiyQDYRxCVz55jmeOWTM=
github.com/shurcooL/sanitized_anchor_name v1.0.0 h1:PdmoCO6wvbs+7yrJyMORt4/BmY5IYyJwS/kOiWx8mHo=
github.com/shurcooL/sanitized_anchor_name v1.0.0/go.mod h1:1NzhyTcUVG4SuEtjjoZeVRXNmyL/1OwPU0+IJeTBvfc=
github.com/zyedidia/clipboard v0.0.0-20180718195219-bd31d747117d h1:Lhqt2eo+rgM8aswvM7nTtAMVm8ARPWzkE9n6eZDOccY=
github.com/zyedidia/clipboard v0.0.0-20180718195219-bd31d747117d/go.mod h1:WDk3p8GiZV9+xFWlSo8qreeoLhW6Ik692rqXk+cNeRY=
golang.org/x/crypto v0.0.0-20190308221718-c2843e01d9a2/go.mod h1:djNgcEr1/C05ACkg1iLfiJU5Ep61QUkGW8qpdssI0+w=
golang.org/x/crypto v0.0.0-20190325154230-a5d413f7728c/go.mod h1:djNgcEr1/C05ACkg1iLfiJU5Ep61QUkGW8qpdssI0+w=
golang.org/x/image v0.0.0-20180708004352-c73c2afc3b81/go.mod h1:ux5Hcp/YLpHSI86hEcLt0YII63i6oz57MZXIpbrjZUs=
golang.org/x/image v0.0.0-20190321063152-3fc05d484e9f h1:FO4MZ3N56GnxbqxGKqh+YTzUWQ2sDwtFQEZgLOxh9Jc=
golang.org/x/image v0.0.0-20190321063152-3fc05d484e9f/go.mod h1:kZ7UVZpmo3dzQBMxlp+ypCbDeSB+sBbTgSJuh5dn5js=
golang.org/x/net v0.0.0-20190110200230-915654e7eabc/go.mod h1:mL1N/T3taQHkDXs73rZJwtUhF3w3ftmwwsq0BUmARs4=
golang.org/x/net v0.0.0-20190326090315-15845e8f865b h1:LlDMQZ0I/u8J45sbt31TecpsFNErRGwDgS4WvT9hKzE=
golang.org/x/net v0.0.0-20190326090315-15845e8f865b/go.mod h1:t9HGtf8HONx5eT2rtn7q6eTqICYqUVnKs3thJo3Qplg=
golang.org/x/net v0.0.0-20190327214358-63eda1eb0650 h1:XCbwcsP09zrBt1aYht0fASw+ynbEpYr8NnCkIN9nMM0=
golang.org/x/net v0.0.0-20190327214358-63eda1eb0650/go.mod h1:t9HGtf8HONx5eT2rtn7q6eTqICYqUVnKs3thJo3Qplg=
golang.org/x/sys v0.0.0-20190215142949-d0b11bdaac8a/go.mod h1:STP8DvDyc/dI5b8T5hshtkjS+E42TnysNCUPdjciGhY=
golang.org/x/sys v0.0.0-20190322080309-f49334f85ddc/go.mod h1:h1NjWce9XRLGQEsW7wpKNCjG9DtNlClVuFLEZdDNbEs=
golang.org/x/text v0.3.0 h1:g61tztE5qeGQ89tm6NTjjM9VPIm088od1l6aSorWRWg=
golang.org/x/text v0.3.0/go.mod h1:NqM8EUOU14njkJ3fqMW+pc6Ldnwhi/IjpwHt7yyuwOQ=
gopkg.in/DATA-DOG/go-sqlmock.v1 v1.3.0/go.mod h1:OdE7CF6DbADk7lN8LIKRzRJTTZXIjtWgA5THM5lhBAw=
gopkg.in/check.v1 v0.0.0-20161208181325-20d25e280405/go.mod h1:Co6ibVJAznAaIkqp8huTwlJQCZ016jof/cbN4VW5Yz0=
gopkg.in/yaml.v2 v2.2.2 h1:ZCJp+EgiOT7lHqUV2J862kp8Qj64Jo6az82+3Td9dZw=
gopkg.in/yaml.v2 v2.2.2/go.mod h1:hI93XBmqTisBFMUTm0b8Fm+jr3Dg1NNxqwp+5A1VGuI=
maunium.net/go/mautrix v0.1.0-alpha.3 h1:kBz7M63hRetQnAnYK+gVmuSxsmZesX6xERphVgEn324=
maunium.net/go/mautrix v0.1.0-alpha.3/go.mod h1:GTVu6WDHR+98DKOrYetWsXorvUeKQV3jsSWO6ScbuFI=
maunium.net/go/mautrix v0.1.0-alpha.3.0.20190326200501-48bbec641543 h1:72ljaoFWWT5TlRnLlEyB9xqSnDrUeWCYSD0LMaX7FZo=
maunium.net/go/mautrix v0.1.0-alpha.3.0.20190326200501-48bbec641543/go.mod h1:hpKYWY2m61ql7Dxslkg59VgB9BtpvONQ1kjIQSCfs3k=
maunium.net/go/mauview v0.0.0-20190325223341-4c387be4b686 h1:kFgijToFPbMQGIMElizZGPQsffu+ZqO0olORXnfj1g4=
maunium.net/go/mauview v0.0.0-20190325223341-4c387be4b686/go.mod h1:Uw1CaNoCs9id/rKBF3Eg9KhhFVg+3akJTebZomFKW+4=
maunium.net/go/tcell v0.0.0-20190111223412-5e74142cb009 h1:4lojuJmNSun1nUB67m3DGg+RkYg1MUO6aUxgKQU5iZk=
maunium.net/go/tcell v0.0.0-20190111223412-5e74142cb009/go.mod h1:U+akxk8CP6vAWV74r2NOqEMMHw6kPGWTyvjzCtemxtM=
