# This file is autogenerated, do not edit; changes may be undone by the next 'dep ensure'.


[[projects]]
  name = "github.com/davecgh/go-spew"
  packages = ["spew"]
  revision = "8991bc29aa16c548c550c7ff78260e27b9ab7c73"
  version = "v1.1.1"

[[projects]]
  name = "github.com/disintegration/imaging"
  packages = ["."]
  revision = "0bd5694c78c9c3d9a3cd06a706a8f3c59296a9ac"
  version = "v1.5.0"

[[projects]]
  branch = "master"
  name = "github.com/gdamore/encoding"
  packages = ["."]
  revision = "b23993cbb6353f0e6aa98d0ee318a34728f628b9"

[[projects]]
  name = "github.com/kyokomi/emoji"
  packages = ["."]
  revision = "2e9a9507333f3ee28f3fab88c2c3aba34455d734"
  version = "v1.5.1"

[[projects]]
  name = "github.com/lucasb-eyer/go-colorful"
  packages = ["."]
  revision = "345fbb3dbcdb252d9985ee899a84963c0fa24c82"
  version = "v1.0"

[[projects]]
  name = "github.com/mattn/go-runewidth"
  packages = ["."]
  revision = "ce7b0b5c7b45a81508558cd1dba6bb1e4ddb51bb"
  version = "v0.0.3"

[[projects]]
  branch = "master"
  name = "github.com/nu7hatch/gouuid"
  packages = ["."]
  revision = "179d4d0c4d8d407a32af483c2354df1d2c91e6c3"

[[projects]]
  name = "github.com/pmezard/go-difflib"
  packages = ["difflib"]
  revision = "792786c7400a136282c1664665ae0a8db921c6c2"
  version = "v1.0.0"

[[projects]]
  name = "github.com/renstrom/fuzzysearch"
  packages = ["fuzzy"]
  revision = "b18e754edff4833912ef4dce9eaca885bd3f0de1"
  version = "v1.0.1"

[[projects]]
  branch = "master"
  name = "github.com/shurcooL/sanitized_anchor_name"
  packages = ["."]
  revision = "86672fcb3f950f35f2e675df2240550f2a50762f"

[[projects]]
  name = "github.com/stretchr/testify"
  packages = ["assert"]
  revision = "f35b8ab0b5a2cef36673838d662e249dd9c94686"
  version = "v1.2.2"

[[projects]]
  branch = "master"
  name = "github.com/zyedidia/clipboard"
  packages = ["."]
  revision = "bd31d747117d04b4e25b61f73e1ea4faeea3c56a"

[[projects]]
  branch = "master"
  name = "golang.org/x/image"
  packages = [
    "bmp",
    "riff",
    "tiff",
    "tiff/lzw",
    "vp8",
    "vp8l",
    "webp"
  ]
  revision = "c73c2afc3b812cdd6385de5a50616511c4a3d458"

[[projects]]
  branch = "master"
  name = "golang.org/x/net"
  packages = [
    "html",
    "html/atom"
  ]
  revision = "8a410e7b638dca158bf9e766925842f6651ff828"

[[projects]]
  name = "golang.org/x/text"
  packages = [
    "encoding",
    "encoding/internal/identifier",
    "internal/gen",
    "transform",
    "unicode/cldr"
  ]
  revision = "f21a4dfb5e38f5895301dc265a8def02365cc3d0"
  version = "v0.3.0"

[[projects]]
  name = "gopkg.in/russross/blackfriday.v2"
  packages = ["."]
  revision = "cadec560ec52d93835bf2f15bd794700d3a2473b"
  version = "v2.0.0"

[[projects]]
  branch = "v1"
  name = "gopkg.in/toast.v1"
  packages = ["."]
  revision = "0a84660828b24d25b35525c9a1f1f51267f8da91"

[[projects]]
  name = "gopkg.in/yaml.v2"
  packages = ["."]
  revision = "5420a8b6744d3b0345ab293f6fcba19c978f1183"
  version = "v2.2.1"

[[projects]]
  branch = "master"
  name = "maunium.net/go/gomatrix"
  packages = ["."]
  revision = "d651abc3ecb4bbd85a6b17b710632e73ddbbc6aa"

[[projects]]
  name = "maunium.net/go/maulogger"
  packages = ["."]
  revision = "64f0aa33b6c51313e15575257db71dec44fe7988"
  version = "v1.0"

[[projects]]
  branch = "master"
  name = "maunium.net/go/tcell"
  packages = [
    ".",
    "terminfo"
  ]
  revision = "f32e44a866ab0475655e11ede91337d7b562956d"

[[projects]]
  branch = "master"
  name = "maunium.net/go/tview"
  packages = ["."]
  revision = "8b261597bbdb95dcaef03854aaa0cc192f56b1ff"

[solve-meta]
  analyzer-name = "dep"
  analyzer-version = 1
  inputs-digest = "6c0a263ebffa1c073f4b67a895832017afeab906b0d88b31da38ae22bc75e1aa"
  solver-name = "gps-cdcl"
  solver-version = 1
